
Microsoft Visual Studio Solution File, Format Version 12.00
# Visual Studio 14
VisualStudioVersion = 14.0.25123.0
MinimumVisualStudioVersion = 10.0.40219.1
Project("{FAE04EC0-301F-11D3-BF4B-00C04F79EFBC}") = "HW2_Packet_Form", "HW2_Packet_Form\HW2_Packet_Form.csproj", "{171B6F65-854B-4ED7-AF75-91BB5BE686F8}"
EndProject
Global
	GlobalSection(SolutionConfigurationPlatforms) = preSolution
		Debug|Any CPU = Debug|Any CPU
		Release|Any CPU = Release|Any CPU
	EndGlobalSection
	GlobalSection(ProjectConfigurationPlatforms) = postSolution
		{171B6F65-854B-4ED7-AF75-91BB5BE686F8}.Debug|Any CPU.ActiveCfg = Debug|Any CPU
		{171B6F65-854B-4ED7-AF75-91BB5BE686F8}.Debug|Any CPU.Build.0 = Debug|Any CPU
		{171B6F65-854B-4ED7-AF75-91BB5BE686F8}.Release|Any CPU.ActiveCfg = Release|Any CPU
		{171B6F65-854B-4ED7-AF75-91BB5BE686F8}.Release|Any CPU.Build.0 = Release|Any CPU
	EndGlobalSection
	GlobalSection(SolutionProperties) = preSolution
		HideSolutionNode = FALSE
	EndGlobalSection
EndGlobal
